// !$*UTF8*$!
{
	archiveVersion = 1;
	classes = {
	};
	objectVersion = 50;
	objects = {

/* Begin PBXBuildFile section */
		CF0C6B4F224E392900B1BE42 /* AppDelegate.swift in Sources */ = {isa = PBXBuildFile; fileRef = CF0C6B4E224E392900B1BE42 /* AppDelegate.swift */; };
		CF0C6B51224E392900B1BE42 /* ViewController.swift in Sources */ = {isa = PBXBuildFile; fileRef = CF0C6B50224E392900B1BE42 /* ViewController.swift */; };
		CF0C6B54224E392900B1BE42 /* Main.storyboard in Resources */ = {isa = PBXBuildFile; fileRef = CF0C6B52224E392900B1BE42 /* Main.storyboard */; };
		CF0C6B56224E392A00B1BE42 /* Assets.xcassets in Resources */ = {isa = PBXBuildFile; fileRef = CF0C6B55224E392A00B1BE42 /* Assets.xcassets */; };
		CF0C6B59224E392A00B1BE42 /* LaunchScreen.storyboard in Resources */ = {isa = PBXBuildFile; fileRef = CF0C6B57224E392A00B1BE42 /* LaunchScreen.storyboard */; };
		CF0C6B64224E392A00B1BE42 /* MazeTests.swift in Sources */ = {isa = PBXBuildFile; fileRef = CF0C6B63224E392A00B1BE42 /* MazeTests.swift */; };
		CF0C6B6F224E392A00B1BE42 /* MazeUITests.swift in Sources */ = {isa = PBXBuildFile; fileRef = CF0C6B6E224E392A00B1BE42 /* MazeUITests.swift */; };
/* End PBXBuildFile section */

/* Begin PBXContainerItemProxy section */
		CF0C6B60224E392A00B1BE42 /* PBXContainerItemProxy */ = {
			isa = PBXContainerItemProxy;
			containerPortal = CF0C6B43224E392900B1BE42 /* Project object */;
			proxyType = 1;
			remoteGlobalIDString = CF0C6B4A224E392900B1BE42;
			remoteInfo = Maze;
		};
		CF0C6B6B224E392A00B1BE42 /* PBXContainerItemProxy */ = {
			isa = PBXContainerItemProxy;
			containerPortal = CF0C6B43224E392900B1BE42 /* Project object */;
			proxyType = 1;
			remoteGlobalIDString = CF0C6B4A224E392900B1BE42;
			remoteInfo = Maze;
		};
/* End PBXContainerItemProxy section */

/* Begin PBXFileReference section */
		CF0C6B4B224E392900B1BE42 /* Maze.app */ = {isa = PBXFileReference; explicitFileType = wrapper.application; includeInIndex = 0; path = Maze.app; sourceTree = BUILT_PRODUCTS_DIR; };
		CF0C6B4E224E392900B1BE42 /* AppDelegate.swift */ = {isa = PBXFileReference; lastKnownFileType = sourcecode.swift; path = AppDelegate.swift; sourceTree = "<group>"; };
		CF0C6B50224E392900B1BE42 /* ViewController.swift */ = {isa = PBXFileReference; lastKnownFileType = sourcecode.swift; path = ViewController.swift; sourceTree = "<group>"; };
		CF0C6B53224E392900B1BE42 /* Base */ = {isa = PBXFileReference; lastKnownFileType = file.storyboard; name = Base; path = Base.lproj/Main.storyboard; sourceTree = "<group>"; };
		CF0C6B55224E392A00B1BE42 /* Assets.xcassets */ = {isa = PBXFileReference; lastKnownFileType = folder.assetcatalog; path = Assets.xcassets; sourceTree = "<group>"; };
		CF0C6B58224E392A00B1BE42 /* Base */ = {isa = PBXFileReference; lastKnownFileType = file.storyboard; name = Base; path = Base.lproj/LaunchScreen.storyboard; sourceTree = "<group>"; };
		CF0C6B5A224E392A00B1BE42 /* Info.plist */ = {isa = PBXFileReference; lastKnownFileType = text.plist.xml; path = Info.plist; sourceTree = "<group>"; };
		CF0C6B5F224E392A00B1BE42 /* MazeTests.xctest */ = {isa = PBXFileReference; explicitFileType = wrapper.cfbundle; includeInIndex = 0; path = MazeTests.xctest; sourceTree = BUILT_PRODUCTS_DIR; };
		CF0C6B63224E392A00B1BE42 /* MazeTests.swift */ = {isa = PBXFileReference; lastKnownFileType = sourcecode.swift; path = MazeTests.swift; sourceTree = "<group>"; };
		CF0C6B65224E392A00B1BE42 /* Info.plist */ = {isa = PBXFileReference; lastKnownFileType = text.plist.xml; path = Info.plist; sourceTree = "<group>"; };
		CF0C6B6A224E392A00B1BE42 /* MazeUITests.xctest */ = {isa = PBXFileReference; explicitFileType = wrapper.cfbundle; includeInIndex = 0; path = MazeUITests.xctest; sourceTree = BUILT_PRODUCTS_DIR; };
		CF0C6B6E224E392A00B1BE42 /* MazeUITests.swift */ = {isa = PBXFileReference; lastKnownFileType = sourcecode.swift; path = MazeUITests.swift; sourceTree = "<group>"; };
		CF0C6B70224E392A00B1BE42 /* Info.plist */ = {isa = PBXFileReference; lastKnownFileType = text.plist.xml; path = Info.plist; sourceTree = "<group>"; };
/* End PBXFileReference section */

/* Begin PBXFrameworksBuildPhase section */
		CF0C6B48224E392900B1BE42 /* Frameworks */ = {
			isa = PBXFrameworksBuildPhase;
			buildActionMask = 2147483647;
			files = (
			);
			runOnlyForDeploymentPostprocessing = 0;
		};
		CF0C6B5C224E392A00B1BE42 /* Frameworks */ = {
			isa = PBXFrameworksBuildPhase;
			buildActionMask = 2147483647;
			files = (
			);
			runOnlyForDeploymentPostprocessing = 0;
		};
		CF0C6B67224E392A00B1BE42 /* Frameworks */ = {
			isa = PBXFrameworksBuildPhase;
			buildActionMask = 2147483647;
			files = (
			);
			runOnlyForDeploymentPostprocessing = 0;
		};
/* End PBXFrameworksBuildPhase section */

/* Begin PBXGroup section */
		CF0C6B42224E392900B1BE42 = {
			isa = PBXGroup;
			children = (
				CF0C6B4D224E392900B1BE42 /* Maze */,
				CF0C6B62224E392A00B1BE42 /* MazeTests */,
				CF0C6B6D224E392A00B1BE42 /* MazeUITests */,
				CF0C6B4C224E392900B1BE42 /* Products */,
			);
			sourceTree = "<group>";
		};
		CF0C6B4C224E392900B1BE42 /* Products */ = {
			isa = PBXGroup;
			children = (
				CF0C6B4B224E392900B1BE42 /* Maze.app */,
				CF0C6B5F224E392A00B1BE42 /* MazeTests.xctest */,
				CF0C6B6A224E392A00B1BE42 /* MazeUITests.xctest */,
			);
			name = Products;
			sourceTree = "<group>";
		};
		CF0C6B4D224E392900B1BE42 /* Maze */ = {
			isa = PBXGroup;
			children = (
				CF0C6B4E224E392900B1BE42 /* AppDelegate.swift */,
				CF0C6B50224E392900B1BE42 /* ViewController.swift */,
				CF0C6B52224E392900B1BE42 /* Main.storyboard */,
				CF0C6B55224E392A00B1BE42 /* Assets.xcassets */,
				CF0C6B57224E392A00B1BE42 /* LaunchScreen.storyboard */,
				CF0C6B5A224E392A00B1BE42 /* Info.plist */,
			);
			path = Maze;
			sourceTree = "<group>";
		};
		CF0C6B62224E392A00B1BE42 /* MazeTests */ = {
			isa = PBXGroup;
			children = (
				CF0C6B63224E392A00B1BE42 /* MazeTests.swift */,
				CF0C6B65224E392A00B1BE42 /* Info.plist */,
			);
			path = MazeTests;
			sourceTree = "<group>";
		};
		CF0C6B6D224E392A00B1BE42 /* MazeUITests */ = {
			isa = PBXGroup;
			children = (
				CF0C6B6E224E392A00B1BE42 /* MazeUITests.swift */,
				CF0C6B70224E392A00B1BE42 /* Info.plist */,
			);
			path = MazeUITests;
			sourceTree = "<group>";
		};
/* End PBXGroup section */

/* Begin PBXNativeTarget section */
		CF0C6B4A224E392900B1BE42 /* Maze */ = {
			isa = PBXNativeTarget;
			buildConfigurationList = CF0C6B73224E392A00B1BE42 /* Build configuration list for PBXNativeTarget "Maze" */;
			buildPhases = (
				CF0C6B47224E392900B1BE42 /* Sources */,
				CF0C6B48224E392900B1BE42 /* Frameworks */,
				CF0C6B49224E392900B1BE42 /* Resources */,
			);
			buildRules = (
			);
			dependencies = (
			);
			name = Maze;
			productName = Maze;
			productReference = CF0C6B4B224E392900B1BE42 /* Maze.app */;
			productType = "com.apple.product-type.application";
		};
		CF0C6B5E224E392A00B1BE42 /* MazeTests */ = {
			isa = PBXNativeTarget;
			buildConfigurationList = CF0C6B76224E392A00B1BE42 /* Build configuration list for PBXNativeTarget "MazeTests" */;
			buildPhases = (
				CF0C6B5B224E392A00B1BE42 /* Sources */,
				CF0C6B5C224E392A00B1BE42 /* Frameworks */,
				CF0C6B5D224E392A00B1BE42 /* Resources */,
			);
			buildRules = (
			);
			dependencies = (
				CF0C6B61224E392A00B1BE42 /* PBXTargetDependency */,
			);
			name = MazeTests;
			productName = MazeTests;
			productReference = CF0C6B5F224E392A00B1BE42 /* MazeTests.xctest */;
			productType = "com.apple.product-type.bundle.unit-test";
		};
		CF0C6B69224E392A00B1BE42 /* MazeUITests */ = {
			isa = PBXNativeTarget;
			buildConfigurationList = CF0C6B79224E392A00B1BE42 /* Build configuration list for PBXNativeTarget "MazeUITests" */;
			buildPhases = (
				CF0C6B66224E392A00B1BE42 /* Sources */,
				CF0C6B67224E392A00B1BE42 /* Frameworks */,
				CF0C6B68224E392A00B1BE42 /* Resources */,
			);
			buildRules = (
			);
			dependencies = (
				CF0C6B6C224E392A00B1BE42 /* PBXTargetDependency */,
			);
			name = MazeUITests;
			productName = MazeUITests;
			productReference = CF0C6B6A224E392A00B1BE42 /* MazeUITests.xctest */;
			productType = "com.apple.product-type.bundle.ui-testing";
		};
/* End PBXNativeTarget section */

/* Begin PBXProject section */
		CF0C6B43224E392900B1BE42 /* Project object */ = {
			isa = PBXProject;
			attributes = {
				LastSwiftUpdateCheck = 1010;
				LastUpgradeCheck = 1010;
				ORGANIZATIONNAME = "太田 一毅";
				TargetAttributes = {
					CF0C6B4A224E392900B1BE42 = {
						CreatedOnToolsVersion = 10.1;
					};
					CF0C6B5E224E392A00B1BE42 = {
						CreatedOnToolsVersion = 10.1;
						TestTargetID = CF0C6B4A224E392900B1BE42;
					};
					CF0C6B69224E392A00B1BE42 = {
						CreatedOnToolsVersion = 10.1;
						TestTargetID = CF0C6B4A224E392900B1BE42;
					};
				};
			};
			buildConfigurationList = CF0C6B46224E392900B1BE42 /* Build configuration list for PBXProject "Maze" */;
			compatibilityVersion = "Xcode 9.3";
			developmentRegion = en;
			hasScannedForEncodings = 0;
			knownRegions = (
				en,
				Base,
			);
			mainGroup = CF0C6B42224E392900B1BE42;
			productRefGroup = CF0C6B4C224E392900B1BE42 /* Products */;
			projectDirPath = "";
			projectRoot = "";
			targets = (
				CF0C6B4A224E392900B1BE42 /* Maze */,
				CF0C6B5E224E392A00B1BE42 /* MazeTests */,
				CF0C6B69224E392A00B1BE42 /* MazeUITests */,
			);
		};
/* End PBXProject section */

/* Begin PBXResourcesBuildPhase section */
		CF0C6B49224E392900B1BE42 /* Resources */ = {
			isa = PBXResourcesBuildPhase;
			buildActionMask = 2147483647;
			files = (
				CF0C6B59224E392A00B1BE42 /* LaunchScreen.storyboard in Resources */,
				CF0C6B56224E392A00B1BE42 /* Assets.xcassets in Resources */,
				CF0C6B54224E392900B1BE42 /* Main.storyboard in Resources */,
			);
			runOnlyForDeploymentPostprocessing = 0;
		};
		CF0C6B5D224E392A00B1BE42 /* Resources */ = {
			isa = PBXResourcesBuildPhase;
			buildActionMask = 2147483647;
			files = (
			);
			runOnlyForDeploymentPostprocessing = 0;
		};
		CF0C6B68224E392A00B1BE42 /* Resources */ = {
			isa = PBXResourcesBuildPhase;
			buildActionMask = 2147483647;
			files = (
			);
			runOnlyForDeploymentPostprocessing = 0;
		};
/* End PBXResourcesBuildPhase section */

/* Begin PBXSourcesBuildPhase section */
		CF0C6B47224E392900B1BE42 /* Sources */ = {
			isa = PBXSourcesBuildPhase;
			buildActionMask = 2147483647;
			files = (
				CF0C6B51224E392900B1BE42 /* ViewController.swift in Sources */,
				CF0C6B4F224E392900B1BE42 /* AppDelegate.swift in Sources */,
			);
			runOnlyForDeploymentPostprocessing = 0;
		};
		CF0C6B5B224E392A00B1BE42 /* Sources */ = {
			isa = PBXSourcesBuildPhase;
			buildActionMask = 2147483647;
			files = (
				CF0C6B64224E392A00B1BE42 /* MazeTests.swift in Sources */,
			);
			runOnlyForDeploymentPostprocessing = 0;
		};
		CF0C6B66224E392A00B1BE42 /* Sources */ = {
			isa = PBXSourcesBuildPhase;
			buildActionMask = 2147483647;
			files = (
				CF0C6B6F224E392A00B1BE42 /* MazeUITests.swift in Sources */,
			);
			runOnlyForDeploymentPostprocessing = 0;
		};
/* End PBXSourcesBuildPhase section */

/* Begin PBXTargetDependency section */
		CF0C6B61224E392A00B1BE42 /* PBXTargetDependency */ = {
			isa = PBXTargetDependency;
			target = CF0C6B4A224E392900B1BE42 /* Maze */;
			targetProxy = CF0C6B60224E392A00B1BE42 /* PBXContainerItemProxy */;
		};
		CF0C6B6C224E392A00B1BE42 /* PBXTargetDependency */ = {
			isa = PBXTargetDependency;
			target = CF0C6B4A224E392900B1BE42 /* Maze */;
			targetProxy = CF0C6B6B224E392A00B1BE42 /* PBXContainerItemProxy */;
		};
/* End PBXTargetDependency section */

/* Begin PBXVariantGroup section */
		CF0C6B52224E392900B1BE42 /* Main.storyboard */ = {
			isa = PBXVariantGroup;
			children = (
				CF0C6B53224E392900B1BE42 /* Base */,
			);
			name = Main.storyboard;
			sourceTree = "<group>";
		};
		CF0C6B57224E392A00B1BE42 /* LaunchScreen.storyboard */ = {
			isa = PBXVariantGroup;
			children = (
				CF0C6B58224E392A00B1BE42 /* Base */,
			);
			name = LaunchScreen.storyboard;
			sourceTree = "<group>";
		};
/* End PBXVariantGroup section */

/* Begin XCBuildConfiguration section */
		CF0C6B71224E392A00B1BE42 /* Debug */ = {
			isa = XCBuildConfiguration;
			buildSettings = {
				ALWAYS_SEARCH_USER_PATHS = NO;
				CLANG_ANALYZER_NONNULL = YES;
				CLANG_ANALYZER_NUMBER_OBJECT_CONVERSION = YES_AGGRESSIVE;
				CLANG_CXX_LANGUAGE_STANDARD = "gnu++14";
				CLANG_CXX_LIBRARY = "libc++";
				CLANG_ENABLE_MODULES = YES;
				CLANG_ENABLE_OBJC_ARC = YES;
				CLANG_ENABLE_OBJC_WEAK = YES;
				CLANG_WARN_BLOCK_CAPTURE_AUTORELEASING = YES;
				CLANG_WARN_BOOL_CONVERSION = YES;
				CLANG_WARN_COMMA = YES;
				CLANG_WARN_CONSTANT_CONVERSION = YES;
				CLANG_WARN_DEPRECATED_OBJC_IMPLEMENTATIONS = YES;
				CLANG_WARN_DIRECT_OBJC_ISA_USAGE = YES_ERROR;
				CLANG_WARN_DOCUMENTATION_COMMENTS = YES;
				CLANG_WARN_EMPTY_BODY = YES;
				CLANG_WARN_ENUM_CONVERSION = YES;
				CLANG_WARN_INFINITE_RECURSION = YES;
				CLANG_WARN_INT_CONVERSION = YES;
				CLANG_WARN_NON_LITERAL_NULL_CONVERSION = YES;
				CLANG_WARN_OBJC_IMPLICIT_RETAIN_SELF = YES;
				CLANG_WARN_OBJC_LITERAL_CONVERSION = YES;
				CLANG_WARN_OBJC_ROOT_CLASS = YES_ERROR;
				CLANG_WARN_RANGE_LOOP_ANALYSIS = YES;
				CLANG_WARN_STRICT_PROTOTYPES = YES;
				CLANG_WARN_SUSPICIOUS_MOVE = YES;
				CLANG_WARN_UNGUARDED_AVAILABILITY = YES_AGGRESSIVE;
				CLANG_WARN_UNREACHABLE_CODE = YES;
				CLANG_WARN__DUPLICATE_METHOD_MATCH = YES;
				CODE_SIGN_IDENTITY = "iPhone Developer";
				COPY_PHASE_STRIP = NO;
				DEBUG_INFORMATION_FORMAT = dwarf;
				ENABLE_STRICT_OBJC_MSGSEND = YES;
				ENABLE_TESTABILITY = YES;
				GCC_C_LANGUAGE_STANDARD = gnu11;
				GCC_DYNAMIC_NO_PIC = NO;
				GCC_NO_COMMON_BLOCKS = YES;
				GCC_OPTIMIZATION_LEVEL = 0;
				GCC_PREPROCESSOR_DEFINITIONS = (
					"DEBUG=1",
					"$(inherited)",
				);
				GCC_WARN_64_TO_32_BIT_CONVERSION = YES;
				GCC_WARN_ABOUT_RETURN_TYPE = YES_ERROR;
				GCC_WARN_UNDECLARED_SELECTOR = YES;
				GCC_WARN_UNINITIALIZED_AUTOS = YES_AGGRESSIVE;
				GCC_WARN_UNUSED_FUNCTION = YES;
				GCC_WARN_UNUSED_VARIABLE = YES;
				IPHONEOS_DEPLOYMENT_TARGET = 12.1;
				MTL_ENABLE_DEBUG_INFO = INCLUDE_SOURCE;
				MTL_FAST_MATH = YES;
				ONLY_ACTIVE_ARCH = YES;
				SDKROOT = iphoneos;
				SWIFT_ACTIVE_COMPILATION_CONDITIONS = DEBUG;
				SWIFT_OPTIMIZATION_LEVEL = "-Onone";
			};
			name = Debug;
		};
		CF0C6B72224E392A00B1BE42 /* Release */ = {
			isa = XCBuildConfiguration;
			buildSettings = {
				ALWAYS_SEARCH_USER_PATHS = NO;
				CLANG_ANALYZER_NONNULL = YES;
				CLANG_ANALYZER_NUMBER_OBJECT_CONVERSION = YES_AGGRESSIVE;
				CLANG_CXX_LANGUAGE_STANDARD = "gnu++14";
				CLANG_CXX_LIBRARY = "libc++";
				CLANG_ENABLE_MODULES = YES;
				CLANG_ENABLE_OBJC_ARC = YES;
				CLANG_ENABLE_OBJC_WEAK = YES;
				CLANG_WARN_BLOCK_CAPTURE_AUTORELEASING = YES;
				CLANG_WARN_BOOL_CONVERSION = YES;
				CLANG_WARN_COMMA = YES;
				CLANG_WARN_CONSTANT_CONVERSION = YES;
				CLANG_WARN_DEPRECATED_OBJC_IMPLEMENTATIONS = YES;
				CLANG_WARN_DIRECT_OBJC_ISA_USAGE = YES_ERROR;
				CLANG_WARN_DOCUMENTATION_COMMENTS = YES;
				CLANG_WARN_EMPTY_BODY = YES;
				CLANG_WARN_ENUM_CONVERSION = YES;
				CLANG_WARN_INFINITE_RECURSION = YES;
				CLANG_WARN_INT_CONVERSION = YES;
				CLANG_WARN_NON_LITERAL_NULL_CONVERSION = YES;
				CLANG_WARN_OBJC_IMPLICIT_RETAIN_SELF = YES;
				CLANG_WARN_OBJC_LITERAL_CONVERSION = YES;
				CLANG_WARN_OBJC_ROOT_CLASS = YES_ERROR;
				CLANG_WARN_RANGE_LOOP_ANALYSIS = YES;
				CLANG_WARN_STRICT_PROTOTYPES = YES;
				CLANG_WARN_SUSPICIOUS_MOVE = YES;
				CLANG_WARN_UNGUARDED_AVAILABILITY = YES_AGGRESSIVE;
				CLANG_WARN_UNREACHABLE_CODE = YES;
				CLANG_WARN__DUPLICATE_METHOD_MATCH = YES;
				CODE_SIGN_IDENTITY = "iPhone Developer";
				COPY_PHASE_STRIP = NO;
				DEBUG_INFORMATION_FORMAT = "dwarf-with-dsym";
				ENABLE_NS_ASSERTIONS = NO;
				ENABLE_STRICT_OBJC_MSGSEND = YES;
				GCC_C_LANGUAGE_STANDARD = gnu11;
				GCC_NO_COMMON_BLOCKS = YES;
				GCC_WARN_64_TO_32_BIT_CONVERSION = YES;
				GCC_WARN_ABOUT_RETURN_TYPE = YES_ERROR;
				GCC_WARN_UNDECLARED_SELECTOR = YES;
				GCC_WARN_UNINITIALIZED_AUTOS = YES_AGGRESSIVE;
				GCC_WARN_UNUSED_FUNCTION = YES;
				GCC_WARN_UNUSED_VARIABLE = YES;
				IPHONEOS_DEPLOYMENT_TARGET = 12.1;
				MTL_ENABLE_DEBUG_INFO = NO;
				MTL_FAST_MATH = YES;
				SDKROOT = iphoneos;
				SWIFT_COMPILATION_MODE = wholemodule;
				SWIFT_OPTIMIZATION_LEVEL = "-O";
				VALIDATE_PRODUCT = YES;
			};
			name = Release;
		};
		CF0C6B74224E392A00B1BE42 /* Debug */ = {
			isa = XCBuildConfiguration;
			buildSettings = {
				ASSETCATALOG_COMPILER_APPICON_NAME = AppIcon;
				CODE_SIGN_STYLE = Automatic;
				DEVELOPMENT_TEAM = 8L5RSFK5R4;
				INFOPLIST_FILE = Maze/Info.plist;
				LD_RUNPATH_SEARCH_PATHS = (
					"$(inherited)",
					"@executable_path/Frameworks",
				);
				PRODUCT_BUNDLE_IDENTIFIER = com.litech.Maze;
				PRODUCT_NAME = "$(TARGET_NAME)";
				SWIFT_VERSION = 4.2;
				TARGETED_DEVICE_FAMILY = "1,2";
			};
			name = Debug;
		};
		CF0C6B75224E392A00B1BE42 /* Release */ = {
			isa = XCBuildConfiguration;
			buildSettings = {
				ASSETCATALOG_COMPILER_APPICON_NAME = AppIcon;
				CODE_SIGN_STYLE = Automatic;
				DEVELOPMENT_TEAM = 8L5RSFK5R4;
				INFOPLIST_FILE = Maze/Info.plist;
				LD_RUNPATH_SEARCH_PATHS = (
					"$(inherited)",
					"@executable_path/Frameworks",
				);
				PRODUCT_BUNDLE_IDENTIFIER = com.litech.Maze;
				PRODUCT_NAME = "$(TARGET_NAME)";
				SWIFT_VERSION = 4.2;
				TARGETED_DEVICE_FAMILY = "1,2";
			};
			name = Release;
		};
		CF0C6B77224E392A00B1BE42 /* Debug */ = {
			isa = XCBuildConfiguration;
			buildSettings = {
				ALWAYS_EMBED_SWIFT_STANDARD_LIBRARIES = YES;
				BUNDLE_LOADER = "$(TEST_HOST)";
				CODE_SIGN_STYLE = Automatic;
				DEVELOPMENT_TEAM = 8L5RSFK5R4;
				INFOPLIST_FILE = MazeTests/Info.plist;
				LD_RUNPATH_SEARCH_PATHS = (
					"$(inherited)",
					"@executable_path/Frameworks",
					"@loader_path/Frameworks",
				);
				PRODUCT_BUNDLE_IDENTIFIER = com.litech.MazeTests;
				PRODUCT_NAME = "$(TARGET_NAME)";
				SWIFT_VERSION = 4.2;
				TARGETED_DEVICE_FAMILY = "1,2";
				TEST_HOST = "$(BUILT_PRODUCTS_DIR)/Maze.app/Maze";
			};
			name = Debug;
		};
		CF0C6B78224E392A00B1BE42 /* Release */ = {
			isa = XCBuildConfiguration;
			buildSettings = {
				ALWAYS_EMBED_SWIFT_STANDARD_LIBRARIES = YES;
				BUNDLE_LOADER = "$(TEST_HOST)";
				CODE_SIGN_STYLE = Automatic;
				DEVELOPMENT_TEAM = 8L5RSFK5R4;
				INFOPLIST_FILE = MazeTests/Info.plist;
				LD_RUNPATH_SEARCH_PATHS = (
					"$(inherited)",
					"@executable_path/Frameworks",
					"@loader_path/Frameworks",
				);
				PRODUCT_BUNDLE_IDENTIFIER = com.litech.MazeTests;
				PRODUCT_NAME = "$(TARGET_NAME)";
				SWIFT_VERSION = 4.2;
				TARGETED_DEVICE_FAMILY = "1,2";
				TEST_HOST = "$(BUILT_PRODUCTS_DIR)/Maze.app/Maze";
			};
			name = Release;
		};
		CF0C6B7A224E392A00B1BE42 /* Debug */ = {
			isa = XCBuildConfiguration;
			buildSettings = {
				ALWAYS_EMBED_SWIFT_STANDARD_LIBRARIES = YES;
				CODE_SIGN_STYLE = Automatic;
				DEVELOPMENT_TEAM = 8L5RSFK5R4;
				INFOPLIST_FILE = MazeUITests/Info.plist;
				LD_RUNPATH_SEARCH_PATHS = (
					"$(inherited)",
					"@executable_path/Frameworks",
					"@loader_path/Frameworks",
				);
				PRODUCT_BUNDLE_IDENTIFIER = com.litech.MazeUITests;
				PRODUCT_NAME = "$(TARGET_NAME)";
				SWIFT_VERSION = 4.2;
				TARGETED_DEVICE_FAMILY = "1,2";
				TEST_TARGET_NAME = Maze;
			};
			name = Debug;
		};
		CF0C6B7B224E392A00B1BE42 /* Release */ = {
			isa = XCBuildConfiguration;
			buildSettings = {
				ALWAYS_EMBED_SWIFT_STANDARD_LIBRARIES = YES;
				CODE_SIGN_STYLE = Automatic;
				DEVELOPMENT_TEAM = 8L5RSFK5R4;
				INFOPLIST_FILE = MazeUITests/Info.plist;
				LD_RUNPATH_SEARCH_PATHS = (
					"$(inherited)",
					"@executable_path/Frameworks",
					"@loader_path/Frameworks",
				);
				PRODUCT_BUNDLE_IDENTIFIER = com.litech.MazeUITests;
				PRODUCT_NAME = "$(TARGET_NAME)";
				SWIFT_VERSION = 4.2;
				TARGETED_DEVICE_FAMILY = "1,2";
				TEST_TARGET_NAME = Maze;
			};
			name = Release;
		};
/* End XCBuildConfiguration section */

/* Begin XCConfigurationList section */
		CF0C6B46224E392900B1BE42 /* Build configuration list for PBXProject "Maze" */ = {
			isa = XCConfigurationList;
			buildConfigurations = (
				CF0C6B71224E392A00B1BE42 /* Debug */,
				CF0C6B72224E392A00B1BE42 /* Release */,
			);
			defaultConfigurationIsVisible = 0;
			defaultConfigurationName = Release;
		};
		CF0C6B73224E392A00B1BE42 /* Build configuration list for PBXNativeTarget "Maze" */ = {
			isa = XCConfigurationList;
			buildConfigurations = (
				CF0C6B74224E392A00B1BE42 /* Debug */,
				CF0C6B75224E392A00B1BE42 /* Release */,
			);
			defaultConfigurationIsVisible = 0;
			defaultConfigurationName = Release;
		};
		CF0C6B76224E392A00B1BE42 /* Build configuration list for PBXNativeTarget "MazeTests" */ = {
			isa = XCConfigurationList;
			buildConfigurations = (
				CF0C6B77224E392A00B1BE42 /* Debug */,
				CF0C6B78224E392A00B1BE42 /* Release */,
			);
			defaultConfigurationIsVisible = 0;
			defaultConfigurationName = Release;
		};
		CF0C6B79224E392A00B1BE42 /* Build configuration list for PBXNativeTarget "MazeUITests" */ = {
			isa = XCConfigurationList;
			buildConfigurations = (
				CF0C6B7A224E392A00B1BE42 /* Debug */,
				CF0C6B7B224E392A00B1BE42 /* Release */,
			);
			defaultConfigurationIsVisible = 0;
			defaultConfigurationName = Release;
		};
/* End XCConfigurationList section */
	};
	rootObject = CF0C6B43224E392900B1BE42 /* Project object */;
}
